
Microsoft Visual Studio Solution File, Format Version 12.00
# Visual Studio 15
VisualStudioVersion = 15.0.26228.4
MinimumVisualStudioVersion = 10.0.40219.1
Project("{FAE04EC0-301F-11D3-BF4B-00C04F79EFBC}") = "MultiMideaProject1", "MultiMideaProject1\MultiMideaProject1.csproj", "{7F26A4CD-3C3E-4F5A-A4A9-1B0B71BE5B5E}"
EndProject
Global
	GlobalSection(SolutionConfigurationPlatforms) = preSolution
		Debug|Any CPU = Debug|Any CPU
		Release|Any CPU = Release|Any CPU
	EndGlobalSection
	GlobalSection(ProjectConfigurationPlatforms) = postSolution
		{7F26A4CD-3C3E-4F5A-A4A9-1B0B71BE5B5E}.Debug|Any CPU.ActiveCfg = Debug|Any CPU
		{7F26A4CD-3C3E-4F5A-A4A9-1B0B71BE5B5E}.Debug|Any CPU.Build.0 = Debug|Any CPU
		{7F26A4CD-3C3E-4F5A-A4A9-1B0B71BE5B5E}.Release|Any CPU.ActiveCfg = Release|Any CPU
		{7F26A4CD-3C3E-4F5A-A4A9-1B0B71BE5B5E}.Release|Any CPU.Build.0 = Release|Any CPU
	EndGlobalSection
	GlobalSection(SolutionProperties) = preSolution
		HideSolutionNode = FALSE
	EndGlobalSection
EndGlobal
